
Microsoft Visual Studio Solution File, Format Version 12.00
# Visual Studio Version 16
VisualStudioVersion = 16.0.30503.244
MinimumVisualStudioVersion = 10.0.40219.1
Project("{FAE04EC0-301F-11D3-BF4B-00C04F79EFBC}") = "QRCode", "QRCode.csproj", "{E86AF74A-7F60-4A38-94B8-43A308A0F4B4}"
EndProject
Global
	GlobalSection(SolutionConfigurationPlatforms) = preSolution
		Debug|Any CPU = Debug|Any CPU
		Release|Any CPU = Release|Any CPU
	EndGlobalSection
	GlobalSection(ProjectConfigurationPlatforms) = postSolution
		{E86AF74A-7F60-4A38-94B8-43A308A0F4B4}.Debug|Any CPU.ActiveCfg = Debug|Any CPU
		{E86AF74A-7F60-4A38-94B8-43A308A0F4B4}.Debug|Any CPU.Build.0 = Debug|Any CPU
		{E86AF74A-7F60-4A38-94B8-43A308A0F4B4}.Release|Any CPU.ActiveCfg = Release|Any CPU
		{E86AF74A-7F60-4A38-94B8-43A308A0F4B4}.Release|Any CPU.Build.0 = Release|Any CPU
	EndGlobalSection
	GlobalSection(SolutionProperties) = preSolution
		HideSolutionNode = FALSE
	EndGlobalSection
	GlobalSection(ExtensibilityGlobals) = postSolution
		SolutionGuid = {81AD8128-7ED0-44A7-82AA-FBA8414DC8BC}
	EndGlobalSection
EndGlobal
